
Microsoft Visual Studio Solution File, Format Version 12.00
# Visual Studio 2012
Project("{E24C65DC-7377-472B-9ABA-BC803B73C61A}") = "Intranet", "http://localhost:3249", "{CDFCCE24-4083-40E0-8EE1-BF12A613CF37}"
	ProjectSection(WebsiteProperties) = preProject
		UseIISExpress = "true"
		TargetFrameworkMoniker = ".NETFramework,Version%3Dv4.5"
		ProjectReferences = "{28cc4d3b-4c3f-481a-b92c-d4e90202a996}|Datos.dll;{8f2e5163-1028-4f59-bfbf-2bd8455e35b3}|Entidades.dll;{30bd3fc7-30a0-44bd-a529-efb71de3302d}|Negocios.dll;"
		Debug.AspNetCompiler.VirtualPath = "/localhost_3249"
		Debug.AspNetCompiler.PhysicalPath = "Intranet\"
		Debug.AspNetCompiler.TargetPath = "PrecompiledWeb\localhost_3249\"
		Debug.AspNetCompiler.Updateable = "true"
		Debug.AspNetCompiler.ForceOverwrite = "true"
		Debug.AspNetCompiler.FixedNames = "false"
		Debug.AspNetCompiler.Debug = "True"
		Release.AspNetCompiler.VirtualPath = "/localhost_3249"
		Release.AspNetCompiler.PhysicalPath = "Intranet\"
		Release.AspNetCompiler.TargetPath = "PrecompiledWeb\localhost_3249\"
		Release.AspNetCompiler.Updateable = "true"
		Release.AspNetCompiler.ForceOverwrite = "true"
		Release.AspNetCompiler.FixedNames = "false"
		Release.AspNetCompiler.Debug = "False"
		SlnRelativePath = "Intranet\"
		DefaultWebSiteLanguage = "Visual C#"
	EndProjectSection
EndProject
Project("{FAE04EC0-301F-11D3-BF4B-00C04F79EFBC}") = "Entidades", "Entidades\Entidades.csproj", "{8F2E5163-1028-4F59-BFBF-2BD8455E35B3}"
EndProject
Project("{FAE04EC0-301F-11D3-BF4B-00C04F79EFBC}") = "Negocios", "Negocios\Negocios.csproj", "{30BD3FC7-30A0-44BD-A529-EFB71DE3302D}"
EndProject
Project("{FAE04EC0-301F-11D3-BF4B-00C04F79EFBC}") = "Datos", "Datos\Datos.csproj", "{28CC4D3B-4C3F-481A-B92C-D4E90202A996}"
EndProject
Global
	GlobalSection(SolutionConfigurationPlatforms) = preSolution
		Debug|Any CPU = Debug|Any CPU
		Release|Any CPU = Release|Any CPU
	EndGlobalSection
	GlobalSection(ProjectConfigurationPlatforms) = postSolution
		{CDFCCE24-4083-40E0-8EE1-BF12A613CF37}.Debug|Any CPU.ActiveCfg = Debug|Any CPU
		{CDFCCE24-4083-40E0-8EE1-BF12A613CF37}.Debug|Any CPU.Build.0 = Debug|Any CPU
		{CDFCCE24-4083-40E0-8EE1-BF12A613CF37}.Release|Any CPU.ActiveCfg = Debug|Any CPU
		{CDFCCE24-4083-40E0-8EE1-BF12A613CF37}.Release|Any CPU.Build.0 = Debug|Any CPU
		{8F2E5163-1028-4F59-BFBF-2BD8455E35B3}.Debug|Any CPU.ActiveCfg = Debug|Any CPU
		{8F2E5163-1028-4F59-BFBF-2BD8455E35B3}.Debug|Any CPU.Build.0 = Debug|Any CPU
		{8F2E5163-1028-4F59-BFBF-2BD8455E35B3}.Release|Any CPU.ActiveCfg = Release|Any CPU
		{8F2E5163-1028-4F59-BFBF-2BD8455E35B3}.Release|Any CPU.Build.0 = Release|Any CPU
		{30BD3FC7-30A0-44BD-A529-EFB71DE3302D}.Debug|Any CPU.ActiveCfg = Debug|Any CPU
		{30BD3FC7-30A0-44BD-A529-EFB71DE3302D}.Debug|Any CPU.Build.0 = Debug|Any CPU
		{30BD3FC7-30A0-44BD-A529-EFB71DE3302D}.Release|Any CPU.ActiveCfg = Release|Any CPU
		{30BD3FC7-30A0-44BD-A529-EFB71DE3302D}.Release|Any CPU.Build.0 = Release|Any CPU
		{28CC4D3B-4C3F-481A-B92C-D4E90202A996}.Debug|Any CPU.ActiveCfg = Debug|Any CPU
		{28CC4D3B-4C3F-481A-B92C-D4E90202A996}.Debug|Any CPU.Build.0 = Debug|Any CPU
		{28CC4D3B-4C3F-481A-B92C-D4E90202A996}.Release|Any CPU.ActiveCfg = Release|Any CPU
		{28CC4D3B-4C3F-481A-B92C-D4E90202A996}.Release|Any CPU.Build.0 = Release|Any CPU
	EndGlobalSection
	GlobalSection(SolutionProperties) = preSolution
		HideSolutionNode = FALSE
	EndGlobalSection
EndGlobal
